
Microsoft Visual Studio Solution File, Format Version 12.00
# Visual Studio Version 17
VisualStudioVersion = 17.10.35013.160
MinimumVisualStudioVersion = 10.0.40219.1
Project("{FAE04EC0-301F-11D3-BF4B-00C04F79EFBC}") = "PruebaProductos.Server", "PruebaProductos.Server\PruebaProductos.Server.csproj", "{45895E82-8F1B-4912-A941-E792607C2ED6}"
EndProject
Project("{54A90642-561A-4BB1-A94E-469ADEE60C69}") = "pruebaproductos.client", "pruebaproductos.client\pruebaproductos.client.esproj", "{F8D42991-4B9A-4B86-948A-FDCE6EA13570}"
EndProject
Global
	GlobalSection(SolutionConfigurationPlatforms) = preSolution
		Debug|Any CPU = Debug|Any CPU
		Release|Any CPU = Release|Any CPU
	EndGlobalSection
	GlobalSection(ProjectConfigurationPlatforms) = postSolution
		{45895E82-8F1B-4912-A941-E792607C2ED6}.Debug|Any CPU.ActiveCfg = Debug|Any CPU
		{45895E82-8F1B-4912-A941-E792607C2ED6}.Debug|Any CPU.Build.0 = Debug|Any CPU
		{45895E82-8F1B-4912-A941-E792607C2ED6}.Release|Any CPU.ActiveCfg = Release|Any CPU
		{45895E82-8F1B-4912-A941-E792607C2ED6}.Release|Any CPU.Build.0 = Release|Any CPU
		{F8D42991-4B9A-4B86-948A-FDCE6EA13570}.Debug|Any CPU.ActiveCfg = Debug|Any CPU
		{F8D42991-4B9A-4B86-948A-FDCE6EA13570}.Debug|Any CPU.Build.0 = Debug|Any CPU
		{F8D42991-4B9A-4B86-948A-FDCE6EA13570}.Debug|Any CPU.Deploy.0 = Debug|Any CPU
		{F8D42991-4B9A-4B86-948A-FDCE6EA13570}.Release|Any CPU.ActiveCfg = Release|Any CPU
		{F8D42991-4B9A-4B86-948A-FDCE6EA13570}.Release|Any CPU.Build.0 = Release|Any CPU
		{F8D42991-4B9A-4B86-948A-FDCE6EA13570}.Release|Any CPU.Deploy.0 = Release|Any CPU
	EndGlobalSection
	GlobalSection(SolutionProperties) = preSolution
		HideSolutionNode = FALSE
	EndGlobalSection
	GlobalSection(ExtensibilityGlobals) = postSolution
		SolutionGuid = {7F1E4119-901A-464A-AE79-7C1E8B9D0BD2}
	EndGlobalSection
EndGlobal
